
Microsoft Visual Studio Solution File, Format Version 12.00
# Visual Studio Version 17
VisualStudioVersion = 17.11.35219.272
MinimumVisualStudioVersion = 10.0.40219.1
Project("{FAE04EC0-301F-11D3-BF4B-00C04F79EFBC}") = "ProcessesHomeWork", "ProcessesHomeWork\ProcessesHomeWork.csproj", "{D26F5964-33B7-4540-8AA0-BF53938F8A17}"
EndProject
Global
	GlobalSection(SolutionConfigurationPlatforms) = preSolution
		Debug|Any CPU = Debug|Any CPU
		Release|Any CPU = Release|Any CPU
	EndGlobalSection
	GlobalSection(ProjectConfigurationPlatforms) = postSolution
		{D26F5964-33B7-4540-8AA0-BF53938F8A17}.Debug|Any CPU.ActiveCfg = Debug|Any CPU
		{D26F5964-33B7-4540-8AA0-BF53938F8A17}.Debug|Any CPU.Build.0 = Debug|Any CPU
		{D26F5964-33B7-4540-8AA0-BF53938F8A17}.Release|Any CPU.ActiveCfg = Release|Any CPU
		{D26F5964-33B7-4540-8AA0-BF53938F8A17}.Release|Any CPU.Build.0 = Release|Any CPU
	EndGlobalSection
	GlobalSection(SolutionProperties) = preSolution
		HideSolutionNode = FALSE
	EndGlobalSection
	GlobalSection(ExtensibilityGlobals) = postSolution
		SolutionGuid = {4969BC52-9681-40BE-95C0-60E0DD788286}
	EndGlobalSection
EndGlobal
