
Microsoft Visual Studio Solution File, Format Version 12.00
# Visual Studio Version 17
VisualStudioVersion = 17.11.35219.272
MinimumVisualStudioVersion = 10.0.40219.1
Project("{FAE04EC0-301F-11D3-BF4B-00C04F79EFBC}") = "ThreadPoolHomeWork", "ThreadPoolHomeWork\ThreadPoolHomeWork.csproj", "{9335F9EB-4090-4C2B-9458-D719B4813C55}"
EndProject
Global
	GlobalSection(SolutionConfigurationPlatforms) = preSolution
		Debug|Any CPU = Debug|Any CPU
		Release|Any CPU = Release|Any CPU
	EndGlobalSection
	GlobalSection(ProjectConfigurationPlatforms) = postSolution
		{9335F9EB-4090-4C2B-9458-D719B4813C55}.Debug|Any CPU.ActiveCfg = Debug|Any CPU
		{9335F9EB-4090-4C2B-9458-D719B4813C55}.Debug|Any CPU.Build.0 = Debug|Any CPU
		{9335F9EB-4090-4C2B-9458-D719B4813C55}.Release|Any CPU.ActiveCfg = Release|Any CPU
		{9335F9EB-4090-4C2B-9458-D719B4813C55}.Release|Any CPU.Build.0 = Release|Any CPU
	EndGlobalSection
	GlobalSection(SolutionProperties) = preSolution
		HideSolutionNode = FALSE
	EndGlobalSection
	GlobalSection(ExtensibilityGlobals) = postSolution
		SolutionGuid = {F65F4833-F0BE-4BA6-B18C-959A5B2811F8}
	EndGlobalSection
EndGlobal
